
Microsoft Visual Studio Solution File, Format Version 12.00
# Visual Studio Version 17
VisualStudioVersion = 17.14.36518.9 d17.14
MinimumVisualStudioVersion = 10.0.40219.1
Project("{FAE04EC0-301F-11D3-BF4B-00C04F79EFBC}") = "amigo_secreto", "amigo_secreto\amigo_secreto.csproj", "{B333CC58-F396-4348-BFC3-27A8063339A0}"
EndProject
Global
	GlobalSection(SolutionConfigurationPlatforms) = preSolution
		Debug|Any CPU = Debug|Any CPU
		Release|Any CPU = Release|Any CPU
	EndGlobalSection
	GlobalSection(ProjectConfigurationPlatforms) = postSolution
		{B333CC58-F396-4348-BFC3-27A8063339A0}.Debug|Any CPU.ActiveCfg = Debug|Any CPU
		{B333CC58-F396-4348-BFC3-27A8063339A0}.Debug|Any CPU.Build.0 = Debug|Any CPU
		{B333CC58-F396-4348-BFC3-27A8063339A0}.Release|Any CPU.ActiveCfg = Release|Any CPU
		{B333CC58-F396-4348-BFC3-27A8063339A0}.Release|Any CPU.Build.0 = Release|Any CPU
	EndGlobalSection
	GlobalSection(SolutionProperties) = preSolution
		HideSolutionNode = FALSE
	EndGlobalSection
	GlobalSection(ExtensibilityGlobals) = postSolution
		SolutionGuid = {E0955444-20CE-495C-8A2F-7C5D50413105}
	EndGlobalSection
EndGlobal
